<?xml version="1.0" encoding="utf-8"?>
<Project ToolsVersion="4.0" xmlns="http://schemas.microsoft.com/developer/msbuild/2003">
  <ItemGroup>
    <Filter Include="소스 파일">
      <UniqueIdentifier>{4FC737F1-C7A5-4376-A066-2A32D752A2FF}</UniqueIdentifier>
      <Extensions>cpp;c;cc;cxx;c++;cppm;ixx;def;odl;idl;hpj;bat;asm;asmx</Extensions>
    </Filter>
    <Filter Include="헤더 파일">
      <UniqueIdentifier>{93995380-89BD-4b04-88EB-625FBE52EBFB}</UniqueIdentifier>
      <Extensions>h;hh;hpp;hxx;h++;hm;inl;inc;ipp;xsd</Extensions>
    </Filter>
    <Filter Include="imgui">
      <UniqueIdentifier>{67DA6AB6-F800-4c08-8B7A-83BB121AAD01}</UniqueIdentifier>
      <Extensions>rc;ico;cur;bmp;dlg;rc2;rct;bin;rgs;gif;jpg;jpeg;jpe;resx;tiff;tif;png;wav;mfcribbon-ms</Extensions>
    </Filter>
    <Filter Include="WoodnetBase">
      <UniqueIdentifier>{9bdbfdf0-0597-4543-8acb-35f9230b2afc}</UniqueIdentifier>
    </Filter>
  </ItemGroup>
  <ItemGroup>
    <ClCompile Include="main.cpp">
      <Filter>소스 파일</Filter>
    </ClCompile>
    <ClCompile Include="imgui.cpp">
      <Filter>imgui</Filter>
    </ClCompile>
    <ClCompile Include="imgui_demo.cpp">
      <Filter>imgui</Filter>
    </ClCompile>
    <ClCompile Include="imgui_draw.cpp">
      <Filter>imgui</Filter>
    </ClCompile>
    <ClCompile Include="imgui_impl_dx11.cpp">
      <Filter>imgui</Filter>
    </ClCompile>
    <ClCompile Include="imgui_impl_win32.cpp">
      <Filter>imgui</Filter>
    </ClCompile>
    <ClCompile Include="imgui_tables.cpp">
      <Filter>imgui</Filter>
    </ClCompile>
    <ClCompile Include="imgui_widgets.cpp">
      <Filter>imgui</Filter>
    </ClCompile>
    <ClCompile Include="ClientProgram.cpp">
      <Filter>소스 파일</Filter>
    </ClCompile>
    <ClCompile Include="..\WoodnetBase\StreamQueue.cpp">
      <Filter>WoodnetBase</Filter>
    </ClCompile>
    <ClCompile Include="..\WoodnetBase\TCPSocket.cpp">
      <Filter>WoodnetBase</Filter>
    </ClCompile>
    <ClCompile Include="..\WoodnetBase\UDPSocket.cpp">
      <Filter>WoodnetBase</Filter>
    </ClCompile>
    <ClCompile Include="..\WoodnetBase\WinNetwork.cpp">
      <Filter>WoodnetBase</Filter>
    </ClCompile>
    <ClCompile Include="..\WoodnetBase\WinSocket.cpp">
      <Filter>WoodnetBase</Filter>
    </ClCompile>
    <ClCompile Include="dx11Imgui.cpp">
      <Filter>소스 파일</Filter>
    </ClCompile>
  </ItemGroup>
  <ItemGroup>
    <ClInclude Include="imconfig.h">
      <Filter>imgui</Filter>
    </ClInclude>
    <ClInclude Include="imgui.h">
      <Filter>imgui</Filter>
    </ClInclude>
    <ClInclude Include="imgui_impl_dx11.h">
      <Filter>imgui</Filter>
    </ClInclude>
    <ClInclude Include="imgui_impl_win32.h">
      <Filter>imgui</Filter>
    </ClInclude>
    <ClInclude Include="imgui_internal.h">
      <Filter>imgui</Filter>
    </ClInclude>
    <ClInclude Include="ClientProgram.h">
      <Filter>헤더 파일</Filter>
    </ClInclude>
    <ClInclude Include="..\WoodnetBase\CommonDefines.h">
      <Filter>WoodnetBase</Filter>
    </ClInclude>
    <ClInclude Include="..\WoodnetBase\StreamQueue.h">
      <Filter>WoodnetBase</Filter>
    </ClInclude>
    <ClInclude Include="..\WoodnetBase\TCPSocket.h">
      <Filter>WoodnetBase</Filter>
    </ClInclude>
    <ClInclude Include="..\WoodnetBase\UDPSocket.h">
      <Filter>WoodnetBase</Filter>
    </ClInclude>
    <ClInclude Include="..\WoodnetBase\WinNetwork.h">
      <Filter>WoodnetBase</Filter>
    </ClInclude>
    <ClInclude Include="..\WoodnetBase\WinSocket.h">
      <Filter>WoodnetBase</Filter>
    </ClInclude>
    <ClInclude Include="..\WoodnetBase\WoodnetProtocol.h">
      <Filter>WoodnetBase</Filter>
    </ClInclude>
    <ClInclude Include="dx11Imgui.h">
      <Filter>헤더 파일</Filter>
    </ClInclude>
  </ItemGroup>
</Project>