<?xml version="1.0" encoding="utf-8"?>
<Project ToolsVersion="4.0" xmlns="http://schemas.microsoft.com/developer/msbuild/2003">
  <ItemGroup>
    <Filter Include="소스 파일">
      <UniqueIdentifier>{4FC737F1-C7A5-4376-A066-2A32D752A2FF}</UniqueIdentifier>
      <Extensions>cpp;c;cc;cxx;c++;cppm;ixx;def;odl;idl;hpj;bat;asm;asmx</Extensions>
    </Filter>
    <Filter Include="헤더 파일">
      <UniqueIdentifier>{93995380-89BD-4b04-88EB-625FBE52EBFB}</UniqueIdentifier>
      <Extensions>h;hh;hpp;hxx;h++;hm;inl;inc;ipp;xsd</Extensions>
    </Filter>
    <Filter Include="WoodnetBase">
      <UniqueIdentifier>{9bdbfdf0-0597-4543-8acb-35f9230b2afc}</UniqueIdentifier>
    </Filter>
    <Filter Include="ImGui">
      <UniqueIdentifier>{2a527b5e-efec-4b30-9350-b0cf84530b03}</UniqueIdentifier>
    </Filter>
    <Filter Include="DxGuiBase">
      <UniqueIdentifier>{bfd40e92-b856-4d8d-b499-8286f0ee857a}</UniqueIdentifier>
    </Filter>
  </ItemGroup>
  <ItemGroup>
    <ClCompile Include="ClientMain.cpp">
      <Filter>소스 파일</Filter>
    </ClCompile>
    <ClCompile Include="ClientProgram.cpp">
      <Filter>소스 파일</Filter>
    </ClCompile>
    <ClCompile Include="..\WoodnetBase\StreamQueue.cpp">
      <Filter>WoodnetBase</Filter>
    </ClCompile>
    <ClCompile Include="..\WoodnetBase\TCPSocket.cpp">
      <Filter>WoodnetBase</Filter>
    </ClCompile>
    <ClCompile Include="..\WoodnetBase\UDPSocket.cpp">
      <Filter>WoodnetBase</Filter>
    </ClCompile>
    <ClCompile Include="..\WoodnetBase\WinNetwork.cpp">
      <Filter>WoodnetBase</Filter>
    </ClCompile>
    <ClCompile Include="..\WoodnetBase\WinSocket.cpp">
      <Filter>WoodnetBase</Filter>
    </ClCompile>
    <ClCompile Include="..\ImGui\imgui.cpp">
      <Filter>ImGui</Filter>
    </ClCompile>
    <ClCompile Include="..\ImGui\imgui_demo.cpp">
      <Filter>ImGui</Filter>
    </ClCompile>
    <ClCompile Include="..\ImGui\imgui_draw.cpp">
      <Filter>ImGui</Filter>
    </ClCompile>
    <ClCompile Include="..\ImGui\imgui_impl_dx11.cpp">
      <Filter>ImGui</Filter>
    </ClCompile>
    <ClCompile Include="..\ImGui\imgui_impl_win32.cpp">
      <Filter>ImGui</Filter>
    </ClCompile>
    <ClCompile Include="..\ImGui\imgui_tables.cpp">
      <Filter>ImGui</Filter>
    </ClCompile>
    <ClCompile Include="..\ImGui\imgui_widgets.cpp">
      <Filter>ImGui</Filter>
    </ClCompile>
    <ClCompile Include="..\DxGuiBase\dx11Imgui.cpp">
      <Filter>DxGuiBase</Filter>
    </ClCompile>
  </ItemGroup>
  <ItemGroup>
    <ClInclude Include="ClientProgram.h">
      <Filter>헤더 파일</Filter>
    </ClInclude>
    <ClInclude Include="..\WoodnetBase\CommonDefines.h">
      <Filter>WoodnetBase</Filter>
    </ClInclude>
    <ClInclude Include="..\WoodnetBase\StreamQueue.h">
      <Filter>WoodnetBase</Filter>
    </ClInclude>
    <ClInclude Include="..\WoodnetBase\TCPSocket.h">
      <Filter>WoodnetBase</Filter>
    </ClInclude>
    <ClInclude Include="..\WoodnetBase\UDPSocket.h">
      <Filter>WoodnetBase</Filter>
    </ClInclude>
    <ClInclude Include="..\WoodnetBase\WinNetwork.h">
      <Filter>WoodnetBase</Filter>
    </ClInclude>
    <ClInclude Include="..\WoodnetBase\WinSocket.h">
      <Filter>WoodnetBase</Filter>
    </ClInclude>
    <ClInclude Include="..\WoodnetBase\WoodnetProtocol.h">
      <Filter>WoodnetBase</Filter>
    </ClInclude>
    <ClInclude Include="..\ImGui\imconfig.h">
      <Filter>ImGui</Filter>
    </ClInclude>
    <ClInclude Include="..\ImGui\imgui.h">
      <Filter>ImGui</Filter>
    </ClInclude>
    <ClInclude Include="..\ImGui\imgui_impl_dx11.h">
      <Filter>ImGui</Filter>
    </ClInclude>
    <ClInclude Include="..\ImGui\imgui_impl_win32.h">
      <Filter>ImGui</Filter>
    </ClInclude>
    <ClInclude Include="..\ImGui\imgui_internal.h">
      <Filter>ImGui</Filter>
    </ClInclude>
    <ClInclude Include="..\ImGui\imstb_rectpack.h">
      <Filter>ImGui</Filter>
    </ClInclude>
    <ClInclude Include="..\ImGui\imstb_textedit.h">
      <Filter>ImGui</Filter>
    </ClInclude>
    <ClInclude Include="..\ImGui\imstb_truetype.h">
      <Filter>ImGui</Filter>
    </ClInclude>
    <ClInclude Include="..\DxGuiBase\dx11Imgui.h">
      <Filter>DxGuiBase</Filter>
    </ClInclude>
  </ItemGroup>
</Project>